
Microsoft Visual Studio Solution File, Format Version 12.00
Project("{FAE04EC0-301F-11D3-BF4B-00C04F79EFBC}") = "DAL", "DAL\DAL.csproj", "{573E9C7C-7F89-4267-B056-25E6D24D64AF}"
EndProject
Project("{FAE04EC0-301F-11D3-BF4B-00C04F79EFBC}") = "ConsoleTest", "ConsoleTest\ConsoleTest.csproj", "{B26D6857-A593-4542-9EFA-6F47DC96B69A}"
EndProject
Project("{FAE04EC0-301F-11D3-BF4B-00C04F79EFBC}") = "API", "API\API.csproj", "{E6A66A17-AB52-4883-87B2-942295AAB3CC}"
EndProject
Project("{FAE04EC0-301F-11D3-BF4B-00C04F79EFBC}") = "Saml2.Authentication.Core", "Saml2.Authentication.Core\Source\Saml2.Authentication.Core\Saml2.Authentication.Core.csproj", "{D3069459-6C88-4FA7-B65E-775261055052}"
EndProject
Project("{FAE04EC0-301F-11D3-BF4B-00C04F79EFBC}") = "Client", "Client\Client.csproj", "{4C84E097-EA8D-41A8-A997-597B53949E97}"
EndProject
Global
	GlobalSection(SolutionConfigurationPlatforms) = preSolution
		Debug|Any CPU = Debug|Any CPU
		Release|Any CPU = Release|Any CPU
	EndGlobalSection
	GlobalSection(ProjectConfigurationPlatforms) = postSolution
		{573E9C7C-7F89-4267-B056-25E6D24D64AF}.Debug|Any CPU.ActiveCfg = Debug|Any CPU
		{573E9C7C-7F89-4267-B056-25E6D24D64AF}.Debug|Any CPU.Build.0 = Debug|Any CPU
		{573E9C7C-7F89-4267-B056-25E6D24D64AF}.Release|Any CPU.ActiveCfg = Release|Any CPU
		{573E9C7C-7F89-4267-B056-25E6D24D64AF}.Release|Any CPU.Build.0 = Release|Any CPU
		{B26D6857-A593-4542-9EFA-6F47DC96B69A}.Debug|Any CPU.ActiveCfg = Debug|Any CPU
		{B26D6857-A593-4542-9EFA-6F47DC96B69A}.Debug|Any CPU.Build.0 = Debug|Any CPU
		{B26D6857-A593-4542-9EFA-6F47DC96B69A}.Release|Any CPU.ActiveCfg = Release|Any CPU
		{B26D6857-A593-4542-9EFA-6F47DC96B69A}.Release|Any CPU.Build.0 = Release|Any CPU
		{E6A66A17-AB52-4883-87B2-942295AAB3CC}.Debug|Any CPU.ActiveCfg = Debug|Any CPU
		{E6A66A17-AB52-4883-87B2-942295AAB3CC}.Debug|Any CPU.Build.0 = Debug|Any CPU
		{E6A66A17-AB52-4883-87B2-942295AAB3CC}.Release|Any CPU.ActiveCfg = Release|Any CPU
		{E6A66A17-AB52-4883-87B2-942295AAB3CC}.Release|Any CPU.Build.0 = Release|Any CPU
		{D3069459-6C88-4FA7-B65E-775261055052}.Debug|Any CPU.ActiveCfg = Debug|Any CPU
		{D3069459-6C88-4FA7-B65E-775261055052}.Debug|Any CPU.Build.0 = Debug|Any CPU
		{D3069459-6C88-4FA7-B65E-775261055052}.Release|Any CPU.ActiveCfg = Release|Any CPU
		{D3069459-6C88-4FA7-B65E-775261055052}.Release|Any CPU.Build.0 = Release|Any CPU
		{4C84E097-EA8D-41A8-A997-597B53949E97}.Debug|Any CPU.ActiveCfg = Debug|Any CPU
		{4C84E097-EA8D-41A8-A997-597B53949E97}.Debug|Any CPU.Build.0 = Debug|Any CPU
		{4C84E097-EA8D-41A8-A997-597B53949E97}.Release|Any CPU.ActiveCfg = Release|Any CPU
		{4C84E097-EA8D-41A8-A997-597B53949E97}.Release|Any CPU.Build.0 = Release|Any CPU
	EndGlobalSection
EndGlobal
